# This file is automatically @generated by Cargo.
# It is not intended for manual editing.
version = 4

[[package]]
name = "tikr-core"
version = "0.1.0"

[[package]]
name = "tikr-hyperliquid"
version = "0.1.0"
dependencies = [
 "tikr-core",
 "tikr-venue",
]

[[package]]
name = "tikr-strategy"
version = "0.1.0"
dependencies = [
 "tikr-core",
]

[[package]]
name = "tikr-venue"
version = "0.1.0"
dependencies = [
 "tikr-core",
]
